
Microsoft Visual Studio Solution File, Format Version 12.00
# Visual Studio 14
VisualStudioVersion = 14.0.25420.1
MinimumVisualStudioVersion = 10.0.40219.1
Project("{FAE04EC0-301F-11D3-BF4B-00C04F79EFBC}") = "ReadLibroMayor", "ReadLibroMayor\ReadLibroMayor.csproj", "{A5CFE748-D50C-4D1C-A04D-BEAC9DC9A438}"
EndProject
Project("{FAE04EC0-301F-11D3-BF4B-00C04F79EFBC}") = "CapaDatos", "CapaDatos\CapaDatos.csproj", "{97D22A07-C01A-4FDF-BC23-01730D447A53}"
EndProject
Project("{FAE04EC0-301F-11D3-BF4B-00C04F79EFBC}") = "CapaNegocio", "CapaNegocio\CapaNegocio.csproj", "{0B400F39-76D8-4A08-AEEF-8BEDEA1310F7}"
EndProject
Global
	GlobalSection(SolutionConfigurationPlatforms) = preSolution
		Debug|Any CPU = Debug|Any CPU
		Release|Any CPU = Release|Any CPU
	EndGlobalSection
	GlobalSection(ProjectConfigurationPlatforms) = postSolution
		{A5CFE748-D50C-4D1C-A04D-BEAC9DC9A438}.Debug|Any CPU.ActiveCfg = Debug|Any CPU
		{A5CFE748-D50C-4D1C-A04D-BEAC9DC9A438}.Debug|Any CPU.Build.0 = Debug|Any CPU
		{A5CFE748-D50C-4D1C-A04D-BEAC9DC9A438}.Release|Any CPU.ActiveCfg = Release|Any CPU
		{A5CFE748-D50C-4D1C-A04D-BEAC9DC9A438}.Release|Any CPU.Build.0 = Release|Any CPU
		{97D22A07-C01A-4FDF-BC23-01730D447A53}.Debug|Any CPU.ActiveCfg = Debug|Any CPU
		{97D22A07-C01A-4FDF-BC23-01730D447A53}.Debug|Any CPU.Build.0 = Debug|Any CPU
		{97D22A07-C01A-4FDF-BC23-01730D447A53}.Release|Any CPU.ActiveCfg = Release|Any CPU
		{97D22A07-C01A-4FDF-BC23-01730D447A53}.Release|Any CPU.Build.0 = Release|Any CPU
		{0B400F39-76D8-4A08-AEEF-8BEDEA1310F7}.Debug|Any CPU.ActiveCfg = Debug|Any CPU
		{0B400F39-76D8-4A08-AEEF-8BEDEA1310F7}.Debug|Any CPU.Build.0 = Debug|Any CPU
		{0B400F39-76D8-4A08-AEEF-8BEDEA1310F7}.Release|Any CPU.ActiveCfg = Release|Any CPU
		{0B400F39-76D8-4A08-AEEF-8BEDEA1310F7}.Release|Any CPU.Build.0 = Release|Any CPU
	EndGlobalSection
	GlobalSection(SolutionProperties) = preSolution
		HideSolutionNode = FALSE
	EndGlobalSection
EndGlobal
